{
  "name": "uplifting-technologies",
  "version": "1.0.0",
  "lockfileVersion": 3,
  "requires": true,
  "packages": {
    "": {
      "name": "uplifting-technologies",
      "version": "1.0.0",
      "workspaces": [
        "packages/*"
      ]
    },
    "node_modules/@uplifting/core-agency": {
      "resolved": "packages/core-agency",
      "link": true
    },
    "node_modules/@uplifting/core-community": {
      "resolved": "packages/core-community",
      "link": true
    },
    "node_modules/@uplifting/feature-culture": {
      "resolved": "packages/feature-culture",
      "link": true
    },
    "node_modules/@uplifting/feature-economy": {
      "resolved": "packages/feature-economy",
      "link": true
    },
    "node_modules/@uplifting/feature-education": {
      "resolved": "packages/feature-education",
      "link": true
    },
    "node_modules/@uplifting/feature-environment": {
      "resolved": "packages/feature-environment",
      "link": true
    },
    "node_modules/@uplifting/feature-health": {
      "resolved": "packages/feature-health",
      "link": true
    },
    "packages/core-agency": {
      "name": "@uplifting/core-agency",
      "version": "1.0.0"
    },
    "packages/core-community": {
      "name": "@uplifting/core-community",
      "version": "1.0.0",
      "dependencies": {
        "@uplifting/core-agency": "*"
      }
    },
    "packages/feature-culture": {
      "name": "@uplifting/feature-culture",
      "version": "1.0.0",
      "dependencies": {
        "@uplifting/core-community": "*"
      }
    },
    "packages/feature-economy": {
      "name": "@uplifting/feature-economy",
      "version": "1.0.0",
      "dependencies": {
        "@uplifting/core-community": "*"
      }
    },
    "packages/feature-education": {
      "name": "@uplifting/feature-education",
      "version": "1.0.0",
      "dependencies": {
        "@uplifting/core-community": "*"
      }
    },
    "packages/feature-environment": {
      "name": "@uplifting/feature-environment",
      "version": "1.0.0",
      "dependencies": {
        "@uplifting/core-community": "*"
      }
    },
    "packages/feature-health": {
      "name": "@uplifting/feature-health",
      "version": "1.0.0",
      "dependencies": {
        "@uplifting/core-community": "*"
      }
    }
  }
}
